
Microsoft Visual Studio Solution File, Format Version 12.00
# Visual Studio Version 17
VisualStudioVersion = 17.3.32819.101
MinimumVisualStudioVersion = 10.0.40219.1
Project("{FAE04EC0-301F-11D3-BF4B-00C04F79EFBC}") = "MsTestProject", "MsTestProject\MsTestProject.csproj", "{6284DFAF-DB59-490F-92F9-5897EF25269D}"
EndProject
Global
	GlobalSection(SolutionConfigurationPlatforms) = preSolution
		Debug|Any CPU = Debug|Any CPU
		Release|Any CPU = Release|Any CPU
	EndGlobalSection
	GlobalSection(ProjectConfigurationPlatforms) = postSolution
		{6284DFAF-DB59-490F-92F9-5897EF25269D}.Debug|Any CPU.ActiveCfg = Debug|Any CPU
		{6284DFAF-DB59-490F-92F9-5897EF25269D}.Debug|Any CPU.Build.0 = Debug|Any CPU
		{6284DFAF-DB59-490F-92F9-5897EF25269D}.Release|Any CPU.ActiveCfg = Release|Any CPU
		{6284DFAF-DB59-490F-92F9-5897EF25269D}.Release|Any CPU.Build.0 = Release|Any CPU
	EndGlobalSection
	GlobalSection(SolutionProperties) = preSolution
		HideSolutionNode = FALSE
	EndGlobalSection
	GlobalSection(ExtensibilityGlobals) = postSolution
		SolutionGuid = {0D017F4A-D57B-4CB3-B0A7-D35E8412F683}
	EndGlobalSection
EndGlobal
