
Microsoft Visual Studio Solution File, Format Version 12.00
# Visual Studio Version 17
VisualStudioVersion = 17.2.32602.215
MinimumVisualStudioVersion = 10.0.40219.1
Project("{FAE04EC0-301F-11D3-BF4B-00C04F79EFBC}") = "WebApiDemo", "WebApiDemo\WebApiDemo.csproj", "{6038002B-5120-4769-8478-7CE3573DD03F}"
EndProject
Global
	GlobalSection(SolutionConfigurationPlatforms) = preSolution
		Debug|Any CPU = Debug|Any CPU
		Release|Any CPU = Release|Any CPU
	EndGlobalSection
	GlobalSection(ProjectConfigurationPlatforms) = postSolution
		{6038002B-5120-4769-8478-7CE3573DD03F}.Debug|Any CPU.ActiveCfg = Debug|Any CPU
		{6038002B-5120-4769-8478-7CE3573DD03F}.Debug|Any CPU.Build.0 = Debug|Any CPU
		{6038002B-5120-4769-8478-7CE3573DD03F}.Release|Any CPU.ActiveCfg = Release|Any CPU
		{6038002B-5120-4769-8478-7CE3573DD03F}.Release|Any CPU.Build.0 = Release|Any CPU
	EndGlobalSection
	GlobalSection(SolutionProperties) = preSolution
		HideSolutionNode = FALSE
	EndGlobalSection
	GlobalSection(ExtensibilityGlobals) = postSolution
		SolutionGuid = {C62AED67-1A4B-4622-B139-AC23B375751A}
	EndGlobalSection
EndGlobal
