
Microsoft Visual Studio Solution File, Format Version 12.00
# Visual Studio Version 17
VisualStudioVersion = 17.3.32804.467
MinimumVisualStudioVersion = 10.0.40219.1
Project("{9A19103F-16F7-4668-BE54-9A1E7A4F7556}") = "Class06.EF.WebApi", "Class06.EF.WebApi\Class06.EF.WebApi.csproj", "{4619ED8A-0300-4C16-863D-C7FF7DAF472F}"
EndProject
Project("{9A19103F-16F7-4668-BE54-9A1E7A4F7556}") = "Class06.EF.DbFirst.DataAccess", "Class06.EF.DbFirst.DataAccess\Class06.EF.DbFirst.DataAccess.csproj", "{B952C036-FADF-4FA7-9DC2-584353FA0695}"
EndProject
Project("{FAE04EC0-301F-11D3-BF4B-00C04F79EFBC}") = "Class06.EF.CodeFirst", "Class06.EF.CodeFirst\Class06.EF.CodeFirst.csproj", "{47D35BFD-A653-4FC7-8206-AD2ED55B69D5}"
EndProject
Global
	GlobalSection(SolutionConfigurationPlatforms) = preSolution
		Debug|Any CPU = Debug|Any CPU
		Release|Any CPU = Release|Any CPU
	EndGlobalSection
	GlobalSection(ProjectConfigurationPlatforms) = postSolution
		{4619ED8A-0300-4C16-863D-C7FF7DAF472F}.Debug|Any CPU.ActiveCfg = Debug|Any CPU
		{4619ED8A-0300-4C16-863D-C7FF7DAF472F}.Debug|Any CPU.Build.0 = Debug|Any CPU
		{4619ED8A-0300-4C16-863D-C7FF7DAF472F}.Release|Any CPU.ActiveCfg = Release|Any CPU
		{4619ED8A-0300-4C16-863D-C7FF7DAF472F}.Release|Any CPU.Build.0 = Release|Any CPU
		{B952C036-FADF-4FA7-9DC2-584353FA0695}.Debug|Any CPU.ActiveCfg = Debug|Any CPU
		{B952C036-FADF-4FA7-9DC2-584353FA0695}.Debug|Any CPU.Build.0 = Debug|Any CPU
		{B952C036-FADF-4FA7-9DC2-584353FA0695}.Release|Any CPU.ActiveCfg = Release|Any CPU
		{B952C036-FADF-4FA7-9DC2-584353FA0695}.Release|Any CPU.Build.0 = Release|Any CPU
		{47D35BFD-A653-4FC7-8206-AD2ED55B69D5}.Debug|Any CPU.ActiveCfg = Debug|Any CPU
		{47D35BFD-A653-4FC7-8206-AD2ED55B69D5}.Debug|Any CPU.Build.0 = Debug|Any CPU
		{47D35BFD-A653-4FC7-8206-AD2ED55B69D5}.Release|Any CPU.ActiveCfg = Release|Any CPU
		{47D35BFD-A653-4FC7-8206-AD2ED55B69D5}.Release|Any CPU.Build.0 = Release|Any CPU
	EndGlobalSection
	GlobalSection(SolutionProperties) = preSolution
		HideSolutionNode = FALSE
	EndGlobalSection
	GlobalSection(ExtensibilityGlobals) = postSolution
		SolutionGuid = {263A9FD4-D349-41DB-81F2-EC860ACEC467}
	EndGlobalSection
EndGlobal
